
Microsoft Visual Studio Solution File, Format Version 12.00
# Visual Studio 2012
Project("{FAE04EC0-301F-11D3-BF4B-00C04F79EFBC}") = "sli-redis", "sli-redis\sli-redis.csproj", "{D9C9FD91-C047-45A1-956B-D02F04DED058}"
EndProject
Project("{FAE04EC0-301F-11D3-BF4B-00C04F79EFBC}") = "sli-redis.Test", "sli-redis.Test\sli-redis.Test.csproj", "{97AC8C42-66FD-461E-ADD8-FA2651D84171}"
EndProject
Project("{2150E333-8FDC-42A3-9474-1A3956D46DE8}") = "NuGet", "NuGet", "{ACABC657-4DF7-45F1-BD65-DC75215DF01E}"
	ProjectSection(SolutionItems) = preProject
		NuGet\NuGet.config = NuGet\NuGet.config
		NuGet\NuGet.exe = NuGet\NuGet.exe
		NuGet\sli-redis.nuspec = NuGet\sli-redis.nuspec
	EndProjectSection
EndProject
Global
	GlobalSection(SolutionConfigurationPlatforms) = preSolution
		Debug|Any CPU = Debug|Any CPU
		Release|Any CPU = Release|Any CPU
	EndGlobalSection
	GlobalSection(ProjectConfigurationPlatforms) = postSolution
		{D9C9FD91-C047-45A1-956B-D02F04DED058}.Debug|Any CPU.ActiveCfg = Debug|Any CPU
		{D9C9FD91-C047-45A1-956B-D02F04DED058}.Debug|Any CPU.Build.0 = Debug|Any CPU
		{D9C9FD91-C047-45A1-956B-D02F04DED058}.Release|Any CPU.ActiveCfg = Release|Any CPU
		{D9C9FD91-C047-45A1-956B-D02F04DED058}.Release|Any CPU.Build.0 = Release|Any CPU
		{97AC8C42-66FD-461E-ADD8-FA2651D84171}.Debug|Any CPU.ActiveCfg = Debug|Any CPU
		{97AC8C42-66FD-461E-ADD8-FA2651D84171}.Debug|Any CPU.Build.0 = Debug|Any CPU
		{97AC8C42-66FD-461E-ADD8-FA2651D84171}.Release|Any CPU.ActiveCfg = Release|Any CPU
		{97AC8C42-66FD-461E-ADD8-FA2651D84171}.Release|Any CPU.Build.0 = Release|Any CPU
	EndGlobalSection
	GlobalSection(SolutionProperties) = preSolution
		HideSolutionNode = FALSE
	EndGlobalSection
EndGlobal
